{
  "pins" : [
    {
      "identity" : "alamofire",
      "kind" : "remoteSourceControl",
      "location" : "https://github.com/Alamofire/Alamofire.git",
      "state" : {
        "revision" : "bc268c28fb170f494de9e9927c371b8342979ece",
        "version" : "5.7.1"
      }
    },
    {
      "identity" : "swiftui-vertical-tab-view",
      "kind" : "remoteSourceControl",
      "location" : "https://github.com/lorenzofiamingo/swiftui-vertical-tab-view.git",
      "state" : {
        "revision" : "e029f75f9c43e52e351528a78e293a997200b9f8",
        "version" : "2.0.0"
      }
    }
  ],
  "version" : 2
}
