// !$*UTF8*$!
{
	archiveVersion = 1;
	classes = {
	};
	objectVersion = 56;
	objects = {

/* Begin PBXBuildFile section */
		671A35252A27462900F6358D /* PrefectureView.swift in Sources */ = {isa = PBXBuildFile; fileRef = 671A35242A27462900F6358D /* PrefectureView.swift */; };
		671A35272A2759FD00F6358D /* ErrorView.swift in Sources */ = {isa = PBXBuildFile; fileRef = 671A35262A2759FD00F6358D /* ErrorView.swift */; };
		671A352E2A276A5700F6358D /* LicenseView.swift in Sources */ = {isa = PBXBuildFile; fileRef = 671A352D2A276A5700F6358D /* LicenseView.swift */; };
		672DB2042A2893610041BD60 /* LoadJson.swift in Sources */ = {isa = PBXBuildFile; fileRef = 672DB2032A2893610041BD60 /* LoadJson.swift */; };
		672DB2062A2893B90041BD60 /* PrefectureImageInfo.swift in Sources */ = {isa = PBXBuildFile; fileRef = 672DB2052A2893B90041BD60 /* PrefectureImageInfo.swift */; };
		672DB2092A28B86E0041BD60 /* BriefCardView.swift in Sources */ = {isa = PBXBuildFile; fileRef = 672DB2082A28B86E0041BD60 /* BriefCardView.swift */; };
		672DB20B2A28CE5A0041BD60 /* InputForm.swift in Sources */ = {isa = PBXBuildFile; fileRef = 672DB20A2A28CE5A0041BD60 /* InputForm.swift */; };
		672DB2102A28D9570041BD60 /* ImagePageView.swift in Sources */ = {isa = PBXBuildFile; fileRef = 672DB20F2A28D9570041BD60 /* ImagePageView.swift */; };
		672DB2122A28DD330041BD60 /* DetailView.swift in Sources */ = {isa = PBXBuildFile; fileRef = 672DB2112A28DD330041BD60 /* DetailView.swift */; };
		672DB2172A28E8710041BD60 /* OutputView.swift in Sources */ = {isa = PBXBuildFile; fileRef = 672DB2162A28E8710041BD60 /* OutputView.swift */; };
		672DB21A2A28EC0D0041BD60 /* Error.swift in Sources */ = {isa = PBXBuildFile; fileRef = 672DB2192A28EC0D0041BD60 /* Error.swift */; };
		672DB21C2A28EE150041BD60 /* MaximumVerticalPageView.swift in Sources */ = {isa = PBXBuildFile; fileRef = 672DB21B2A28EE150041BD60 /* MaximumVerticalPageView.swift */; };
		672DB2202A2909C10041BD60 /* japan.png in Resources */ = {isa = PBXBuildFile; fileRef = 672DB21F2A2909C10041BD60 /* japan.png */; };
		672DB2222A290B2D0041BD60 /* 2270.jpg in Resources */ = {isa = PBXBuildFile; fileRef = 672DB2212A290B2D0041BD60 /* 2270.jpg */; };
		672DB2242A290CCC0041BD60 /* photo.png in Resources */ = {isa = PBXBuildFile; fileRef = 672DB2232A290CCC0041BD60 /* photo.png */; };
		672EE5B92A2A798A007EA3F3 /* ProtocolOrientedTest.swift in Sources */ = {isa = PBXBuildFile; fileRef = 672EE5B82A2A798A007EA3F3 /* ProtocolOrientedTest.swift */; };
		6769D8932A29E90100F49219 /* GlowBorder.swift in Sources */ = {isa = PBXBuildFile; fileRef = 6769D8922A29E90100F49219 /* GlowBorder.swift */; };
		6769D8952A29F24B00F49219 /* prefLatiLong.json in Resources */ = {isa = PBXBuildFile; fileRef = 6769D8942A29F24B00F49219 /* prefLatiLong.json */; };
		6769D8972A29FCC400F49219 /* PrefecturePositions.swift in Sources */ = {isa = PBXBuildFile; fileRef = 6769D8962A29FCC400F49219 /* PrefecturePositions.swift */; };
		6769D8992A2A0C0B00F49219 /* KeyboardAlike.swift in Sources */ = {isa = PBXBuildFile; fileRef = 6769D8982A2A0C0B00F49219 /* KeyboardAlike.swift */; };
		6769D89B2A2A2ADA00F49219 /* PreviewData.swift in Sources */ = {isa = PBXBuildFile; fileRef = 6769D89A2A2A2ADA00F49219 /* PreviewData.swift */; };
		6769D89D2A2A2CFB00F49219 /* PinLocation.swift in Sources */ = {isa = PBXBuildFile; fileRef = 6769D89C2A2A2CFB00F49219 /* PinLocation.swift */; };
		676ABFFA2A270E94009F34E9 /* Yumemi_iOS_junior_engineer_codecheckApp.swift in Sources */ = {isa = PBXBuildFile; fileRef = 676ABFF92A270E94009F34E9 /* Yumemi_iOS_junior_engineer_codecheckApp.swift */; };
		676ABFFC2A270E94009F34E9 /* ContentView.swift in Sources */ = {isa = PBXBuildFile; fileRef = 676ABFFB2A270E94009F34E9 /* ContentView.swift */; };
		676ABFFE2A270E95009F34E9 /* Assets.xcassets in Resources */ = {isa = PBXBuildFile; fileRef = 676ABFFD2A270E95009F34E9 /* Assets.xcassets */; };
		676AC0012A270E95009F34E9 /* Preview Assets.xcassets in Resources */ = {isa = PBXBuildFile; fileRef = 676AC0002A270E95009F34E9 /* Preview Assets.xcassets */; };
		676AC0032A270E95009F34E9 /* Persistence.swift in Sources */ = {isa = PBXBuildFile; fileRef = 676AC0022A270E95009F34E9 /* Persistence.swift */; };
		676AC0062A270E95009F34E9 /* Yumemi_iOS_junior_engineer_codecheck.xcdatamodeld in Sources */ = {isa = PBXBuildFile; fileRef = 676AC0042A270E95009F34E9 /* Yumemi_iOS_junior_engineer_codecheck.xcdatamodeld */; };
		676AC0102A270E95009F34E9 /* Yumemi_iOS_junior_engineer_codecheckTests.swift in Sources */ = {isa = PBXBuildFile; fileRef = 676AC00F2A270E95009F34E9 /* Yumemi_iOS_junior_engineer_codecheckTests.swift */; };
		676AC01A2A270E95009F34E9 /* Yumemi_iOS_junior_engineer_codecheckUITests.swift in Sources */ = {isa = PBXBuildFile; fileRef = 676AC0192A270E95009F34E9 /* Yumemi_iOS_junior_engineer_codecheckUITests.swift */; };
		676AC01C2A270E95009F34E9 /* Yumemi_iOS_junior_engineer_codecheckUITestsLaunchTests.swift in Sources */ = {isa = PBXBuildFile; fileRef = 676AC01B2A270E95009F34E9 /* Yumemi_iOS_junior_engineer_codecheckUITestsLaunchTests.swift */; };
		676AC0292A2710FA009F34E9 /* FortuneAPI.swift in Sources */ = {isa = PBXBuildFile; fileRef = 676AC0282A2710FA009F34E9 /* FortuneAPI.swift */; };
		676AC02C2A271115009F34E9 /* Alamofire in Frameworks */ = {isa = PBXBuildFile; productRef = 676AC02B2A271115009F34E9 /* Alamofire */; };
		676AC02E2A27113B009F34E9 /* Input.swift in Sources */ = {isa = PBXBuildFile; fileRef = 676AC02D2A27113B009F34E9 /* Input.swift */; };
		676AC0302A2711F5009F34E9 /* Output.swift in Sources */ = {isa = PBXBuildFile; fileRef = 676AC02F2A2711F5009F34E9 /* Output.swift */; };
		676AC0332A27135D009F34E9 /* fetchLuckyPrefecture.swift in Sources */ = {isa = PBXBuildFile; fileRef = 676AC0322A27135D009F34E9 /* fetchLuckyPrefecture.swift */; };
		676EA8C42A285572005C455B /* VTabView in Frameworks */ = {isa = PBXBuildFile; productRef = 676EA8C32A285572005C455B /* VTabView */; };
		676EA8CA2A28584E005C455B /* MapView.swift in Sources */ = {isa = PBXBuildFile; fileRef = 676EA8C92A28584E005C455B /* MapView.swift */; };
		676EA8CC2A285853005C455B /* HistoryView.swift in Sources */ = {isa = PBXBuildFile; fileRef = 676EA8CB2A285853005C455B /* HistoryView.swift */; };
		676EA8CE2A285ACD005C455B /* BackgroundView.swift in Sources */ = {isa = PBXBuildFile; fileRef = 676EA8CD2A285ACD005C455B /* BackgroundView.swift */; };
		676EA90A2A2876E1005C455B /* InputView.swift in Sources */ = {isa = PBXBuildFile; fileRef = 676EA9092A2876E1005C455B /* InputView.swift */; };
		676EA9102A288B79005C455B /* find47images.json in Resources */ = {isa = PBXBuildFile; fileRef = 676EA90F2A288B79005C455B /* find47images.json */; };
/* End PBXBuildFile section */

/* Begin PBXContainerItemProxy section */
		676AC00C2A270E95009F34E9 /* PBXContainerItemProxy */ = {
			isa = PBXContainerItemProxy;
			containerPortal = 676ABFEE2A270E94009F34E9 /* Project object */;
			proxyType = 1;
			remoteGlobalIDString = 676ABFF52A270E94009F34E9;
			remoteInfo = Yumemi_iOS_junior_engineer_codecheck;
		};
		676AC0162A270E95009F34E9 /* PBXContainerItemProxy */ = {
			isa = PBXContainerItemProxy;
			containerPortal = 676ABFEE2A270E94009F34E9 /* Project object */;
			proxyType = 1;
			remoteGlobalIDString = 676ABFF52A270E94009F34E9;
			remoteInfo = Yumemi_iOS_junior_engineer_codecheck;
		};
/* End PBXContainerItemProxy section */

/* Begin PBXFileReference section */
		671A35242A27462900F6358D /* PrefectureView.swift */ = {isa = PBXFileReference; lastKnownFileType = sourcecode.swift; path = PrefectureView.swift; sourceTree = "<group>"; };
		671A35262A2759FD00F6358D /* ErrorView.swift */ = {isa = PBXFileReference; lastKnownFileType = sourcecode.swift; path = ErrorView.swift; sourceTree = "<group>"; };
		671A352D2A276A5700F6358D /* LicenseView.swift */ = {isa = PBXFileReference; lastKnownFileType = sourcecode.swift; path = LicenseView.swift; sourceTree = "<group>"; };
		672DB2032A2893610041BD60 /* LoadJson.swift */ = {isa = PBXFileReference; lastKnownFileType = sourcecode.swift; path = LoadJson.swift; sourceTree = "<group>"; };
		672DB2052A2893B90041BD60 /* PrefectureImageInfo.swift */ = {isa = PBXFileReference; lastKnownFileType = sourcecode.swift; path = PrefectureImageInfo.swift; sourceTree = "<group>"; };
		672DB2082A28B86E0041BD60 /* BriefCardView.swift */ = {isa = PBXFileReference; lastKnownFileType = sourcecode.swift; path = BriefCardView.swift; sourceTree = "<group>"; };
		672DB20A2A28CE5A0041BD60 /* InputForm.swift */ = {isa = PBXFileReference; lastKnownFileType = sourcecode.swift; path = InputForm.swift; sourceTree = "<group>"; };
		672DB20F2A28D9570041BD60 /* ImagePageView.swift */ = {isa = PBXFileReference; lastKnownFileType = sourcecode.swift; path = ImagePageView.swift; sourceTree = "<group>"; };
		672DB2112A28DD330041BD60 /* DetailView.swift */ = {isa = PBXFileReference; lastKnownFileType = sourcecode.swift; path = DetailView.swift; sourceTree = "<group>"; };
		672DB2162A28E8710041BD60 /* OutputView.swift */ = {isa = PBXFileReference; lastKnownFileType = sourcecode.swift; path = OutputView.swift; sourceTree = "<group>"; };
		672DB2192A28EC0D0041BD60 /* Error.swift */ = {isa = PBXFileReference; lastKnownFileType = sourcecode.swift; path = Error.swift; sourceTree = "<group>"; };
		672DB21B2A28EE150041BD60 /* MaximumVerticalPageView.swift */ = {isa = PBXFileReference; lastKnownFileType = sourcecode.swift; path = MaximumVerticalPageView.swift; sourceTree = "<group>"; };
		672DB21F2A2909C10041BD60 /* japan.png */ = {isa = PBXFileReference; lastKnownFileType = image.png; path = japan.png; sourceTree = "<group>"; };
		672DB2212A290B2D0041BD60 /* 2270.jpg */ = {isa = PBXFileReference; lastKnownFileType = image.jpeg; path = 2270.jpg; sourceTree = "<group>"; };
		672DB2232A290CCC0041BD60 /* photo.png */ = {isa = PBXFileReference; lastKnownFileType = image.png; path = photo.png; sourceTree = "<group>"; };
		672EE5B82A2A798A007EA3F3 /* ProtocolOrientedTest.swift */ = {isa = PBXFileReference; lastKnownFileType = sourcecode.swift; path = ProtocolOrientedTest.swift; sourceTree = "<group>"; };
		6769D8922A29E90100F49219 /* GlowBorder.swift */ = {isa = PBXFileReference; lastKnownFileType = sourcecode.swift; path = GlowBorder.swift; sourceTree = "<group>"; };
		6769D8942A29F24B00F49219 /* prefLatiLong.json */ = {isa = PBXFileReference; fileEncoding = 4; lastKnownFileType = text.json; path = prefLatiLong.json; sourceTree = "<group>"; };
		6769D8962A29FCC400F49219 /* PrefecturePositions.swift */ = {isa = PBXFileReference; lastKnownFileType = sourcecode.swift; path = PrefecturePositions.swift; sourceTree = "<group>"; };
		6769D8982A2A0C0B00F49219 /* KeyboardAlike.swift */ = {isa = PBXFileReference; lastKnownFileType = sourcecode.swift; path = KeyboardAlike.swift; sourceTree = "<group>"; };
		6769D89A2A2A2ADA00F49219 /* PreviewData.swift */ = {isa = PBXFileReference; lastKnownFileType = sourcecode.swift; path = PreviewData.swift; sourceTree = "<group>"; };
		6769D89C2A2A2CFB00F49219 /* PinLocation.swift */ = {isa = PBXFileReference; lastKnownFileType = sourcecode.swift; path = PinLocation.swift; sourceTree = "<group>"; };
		676ABFF62A270E94009F34E9 /* Yumemi_iOS_junior_engineer_codecheck.app */ = {isa = PBXFileReference; explicitFileType = wrapper.application; includeInIndex = 0; path = Yumemi_iOS_junior_engineer_codecheck.app; sourceTree = BUILT_PRODUCTS_DIR; };
		676ABFF92A270E94009F34E9 /* Yumemi_iOS_junior_engineer_codecheckApp.swift */ = {isa = PBXFileReference; lastKnownFileType = sourcecode.swift; path = Yumemi_iOS_junior_engineer_codecheckApp.swift; sourceTree = "<group>"; };
		676ABFFB2A270E94009F34E9 /* ContentView.swift */ = {isa = PBXFileReference; lastKnownFileType = sourcecode.swift; path = ContentView.swift; sourceTree = "<group>"; };
		676ABFFD2A270E95009F34E9 /* Assets.xcassets */ = {isa = PBXFileReference; lastKnownFileType = folder.assetcatalog; path = Assets.xcassets; sourceTree = "<group>"; };
		676AC0002A270E95009F34E9 /* Preview Assets.xcassets */ = {isa = PBXFileReference; lastKnownFileType = folder.assetcatalog; path = "Preview Assets.xcassets"; sourceTree = "<group>"; };
		676AC0022A270E95009F34E9 /* Persistence.swift */ = {isa = PBXFileReference; lastKnownFileType = sourcecode.swift; path = Persistence.swift; sourceTree = "<group>"; };
		676AC0052A270E95009F34E9 /* Yumemi_iOS_junior_engineer_codecheck.xcdatamodel */ = {isa = PBXFileReference; lastKnownFileType = wrapper.xcdatamodel; path = Yumemi_iOS_junior_engineer_codecheck.xcdatamodel; sourceTree = "<group>"; };
		676AC00B2A270E95009F34E9 /* Yumemi_iOS_junior_engineer_codecheckTests.xctest */ = {isa = PBXFileReference; explicitFileType = wrapper.cfbundle; includeInIndex = 0; path = Yumemi_iOS_junior_engineer_codecheckTests.xctest; sourceTree = BUILT_PRODUCTS_DIR; };
		676AC00F2A270E95009F34E9 /* Yumemi_iOS_junior_engineer_codecheckTests.swift */ = {isa = PBXFileReference; lastKnownFileType = sourcecode.swift; path = Yumemi_iOS_junior_engineer_codecheckTests.swift; sourceTree = "<group>"; };
		676AC0152A270E95009F34E9 /* Yumemi_iOS_junior_engineer_codecheckUITests.xctest */ = {isa = PBXFileReference; explicitFileType = wrapper.cfbundle; includeInIndex = 0; path = Yumemi_iOS_junior_engineer_codecheckUITests.xctest; sourceTree = BUILT_PRODUCTS_DIR; };
		676AC0192A270E95009F34E9 /* Yumemi_iOS_junior_engineer_codecheckUITests.swift */ = {isa = PBXFileReference; lastKnownFileType = sourcecode.swift; path = Yumemi_iOS_junior_engineer_codecheckUITests.swift; sourceTree = "<group>"; };
		676AC01B2A270E95009F34E9 /* Yumemi_iOS_junior_engineer_codecheckUITestsLaunchTests.swift */ = {isa = PBXFileReference; lastKnownFileType = sourcecode.swift; path = Yumemi_iOS_junior_engineer_codecheckUITestsLaunchTests.swift; sourceTree = "<group>"; };
		676AC0282A2710FA009F34E9 /* FortuneAPI.swift */ = {isa = PBXFileReference; lastKnownFileType = sourcecode.swift; path = FortuneAPI.swift; sourceTree = "<group>"; };
		676AC02D2A27113B009F34E9 /* Input.swift */ = {isa = PBXFileReference; lastKnownFileType = sourcecode.swift; path = Input.swift; sourceTree = "<group>"; };
		676AC02F2A2711F5009F34E9 /* Output.swift */ = {isa = PBXFileReference; lastKnownFileType = sourcecode.swift; path = Output.swift; sourceTree = "<group>"; };
		676AC0322A27135D009F34E9 /* fetchLuckyPrefecture.swift */ = {isa = PBXFileReference; lastKnownFileType = sourcecode.swift; path = fetchLuckyPrefecture.swift; sourceTree = "<group>"; };
		676EA8C92A28584E005C455B /* MapView.swift */ = {isa = PBXFileReference; lastKnownFileType = sourcecode.swift; path = MapView.swift; sourceTree = "<group>"; };
		676EA8CB2A285853005C455B /* HistoryView.swift */ = {isa = PBXFileReference; lastKnownFileType = sourcecode.swift; path = HistoryView.swift; sourceTree = "<group>"; };
		676EA8CD2A285ACD005C455B /* BackgroundView.swift */ = {isa = PBXFileReference; lastKnownFileType = sourcecode.swift; path = BackgroundView.swift; sourceTree = "<group>"; };
		676EA9092A2876E1005C455B /* InputView.swift */ = {isa = PBXFileReference; fileEncoding = 4; lastKnownFileType = sourcecode.swift; path = InputView.swift; sourceTree = "<group>"; };
		676EA90F2A288B79005C455B /* find47images.json */ = {isa = PBXFileReference; fileEncoding = 4; lastKnownFileType = text.json; path = find47images.json; sourceTree = "<group>"; };
/* End PBXFileReference section */

/* Begin PBXFrameworksBuildPhase section */
		676ABFF32A270E94009F34E9 /* Frameworks */ = {
			isa = PBXFrameworksBuildPhase;
			buildActionMask = 2147483647;
			files = (
				676EA8C42A285572005C455B /* VTabView in Frameworks */,
				676AC02C2A271115009F34E9 /* Alamofire in Frameworks */,
			);
			runOnlyForDeploymentPostprocessing = 0;
		};
		676AC0082A270E95009F34E9 /* Frameworks */ = {
			isa = PBXFrameworksBuildPhase;
			buildActionMask = 2147483647;
			files = (
			);
			runOnlyForDeploymentPostprocessing = 0;
		};
		676AC0122A270E95009F34E9 /* Frameworks */ = {
			isa = PBXFrameworksBuildPhase;
			buildActionMask = 2147483647;
			files = (
			);
			runOnlyForDeploymentPostprocessing = 0;
		};
/* End PBXFrameworksBuildPhase section */

/* Begin PBXGroup section */
		672DB2072A28975F0041BD60 /* PrefectureView */ = {
			isa = PBXGroup;
			children = (
				671A35242A27462900F6358D /* PrefectureView.swift */,
				672DB20F2A28D9570041BD60 /* ImagePageView.swift */,
				672DB2132A28DD4A0041BD60 /* DetailView */,
			);
			path = PrefectureView;
			sourceTree = "<group>";
		};
		672DB20C2A28CE5F0041BD60 /* Input */ = {
			isa = PBXGroup;
			children = (
				676EA9092A2876E1005C455B /* InputView.swift */,
				672EE5B82A2A798A007EA3F3 /* ProtocolOrientedTest.swift */,
				672DB20A2A28CE5A0041BD60 /* InputForm.swift */,
			);
			path = Input;
			sourceTree = "<group>";
		};
		672DB2132A28DD4A0041BD60 /* DetailView */ = {
			isa = PBXGroup;
			children = (
				672DB2112A28DD330041BD60 /* DetailView.swift */,
				676EA8C92A28584E005C455B /* MapView.swift */,
				672DB2082A28B86E0041BD60 /* BriefCardView.swift */,
			);
			path = DetailView;
			sourceTree = "<group>";
		};
		672DB2182A28EB0B0041BD60 /* Output */ = {
			isa = PBXGroup;
			children = (
				672DB2162A28E8710041BD60 /* OutputView.swift */,
				672DB2072A28975F0041BD60 /* PrefectureView */,
				671A35262A2759FD00F6358D /* ErrorView.swift */,
			);
			path = Output;
			sourceTree = "<group>";
		};
		6769D89E2A2A2D4900F49219 /* Views */ = {
			isa = PBXGroup;
			children = (
				676ABFFB2A270E94009F34E9 /* ContentView.swift */,
				672DB20C2A28CE5F0041BD60 /* Input */,
				672DB2182A28EB0B0041BD60 /* Output */,
				676EA8CB2A285853005C455B /* HistoryView.swift */,
				671A352D2A276A5700F6358D /* LicenseView.swift */,
				6769D89F2A2A2DF300F49219 /* ViewUtils */,
			);
			path = Views;
			sourceTree = "<group>";
		};
		6769D89F2A2A2DF300F49219 /* ViewUtils */ = {
			isa = PBXGroup;
			children = (
				6769D8922A29E90100F49219 /* GlowBorder.swift */,
				672DB21B2A28EE150041BD60 /* MaximumVerticalPageView.swift */,
				676EA8CD2A285ACD005C455B /* BackgroundView.swift */,
				6769D8982A2A0C0B00F49219 /* KeyboardAlike.swift */,
			);
			path = ViewUtils;
			sourceTree = "<group>";
		};
		6769D8A02A2A2F5E00F49219 /* CoreData */ = {
			isa = PBXGroup;
			children = (
				676AC0022A270E95009F34E9 /* Persistence.swift */,
				676AC0042A270E95009F34E9 /* Yumemi_iOS_junior_engineer_codecheck.xcdatamodeld */,
			);
			path = CoreData;
			sourceTree = "<group>";
		};
		676ABFED2A270E94009F34E9 = {
			isa = PBXGroup;
			children = (
				676ABFF82A270E94009F34E9 /* Yumemi_iOS_junior_engineer_codecheck */,
				676AC00E2A270E95009F34E9 /* Yumemi_iOS_junior_engineer_codecheckTests */,
				676AC0182A270E95009F34E9 /* Yumemi_iOS_junior_engineer_codecheckUITests */,
				676ABFF72A270E94009F34E9 /* Products */,
			);
			sourceTree = "<group>";
		};
		676ABFF72A270E94009F34E9 /* Products */ = {
			isa = PBXGroup;
			children = (
				676ABFF62A270E94009F34E9 /* Yumemi_iOS_junior_engineer_codecheck.app */,
				676AC00B2A270E95009F34E9 /* Yumemi_iOS_junior_engineer_codecheckTests.xctest */,
				676AC0152A270E95009F34E9 /* Yumemi_iOS_junior_engineer_codecheckUITests.xctest */,
			);
			name = Products;
			sourceTree = "<group>";
		};
		676ABFF82A270E94009F34E9 /* Yumemi_iOS_junior_engineer_codecheck */ = {
			isa = PBXGroup;
			children = (
				676ABFF92A270E94009F34E9 /* Yumemi_iOS_junior_engineer_codecheckApp.swift */,
				6769D89E2A2A2D4900F49219 /* Views */,
				676AC0312A2711FB009F34E9 /* Models */,
				676EA9112A288BBD005C455B /* Resources */,
				6769D8A02A2A2F5E00F49219 /* CoreData */,
				676ABFFF2A270E95009F34E9 /* Preview Content */,
			);
			path = Yumemi_iOS_junior_engineer_codecheck;
			sourceTree = "<group>";
		};
		676ABFFF2A270E95009F34E9 /* Preview Content */ = {
			isa = PBXGroup;
			children = (
				672DB2192A28EC0D0041BD60 /* Error.swift */,
				676AC0002A270E95009F34E9 /* Preview Assets.xcassets */,
				6769D89A2A2A2ADA00F49219 /* PreviewData.swift */,
			);
			path = "Preview Content";
			sourceTree = "<group>";
		};
		676AC00E2A270E95009F34E9 /* Yumemi_iOS_junior_engineer_codecheckTests */ = {
			isa = PBXGroup;
			children = (
				676AC00F2A270E95009F34E9 /* Yumemi_iOS_junior_engineer_codecheckTests.swift */,
			);
			path = Yumemi_iOS_junior_engineer_codecheckTests;
			sourceTree = "<group>";
		};
		676AC0182A270E95009F34E9 /* Yumemi_iOS_junior_engineer_codecheckUITests */ = {
			isa = PBXGroup;
			children = (
				676AC0192A270E95009F34E9 /* Yumemi_iOS_junior_engineer_codecheckUITests.swift */,
				676AC01B2A270E95009F34E9 /* Yumemi_iOS_junior_engineer_codecheckUITestsLaunchTests.swift */,
			);
			path = Yumemi_iOS_junior_engineer_codecheckUITests;
			sourceTree = "<group>";
		};
		676AC0312A2711FB009F34E9 /* Models */ = {
			isa = PBXGroup;
			children = (
				676AC02D2A27113B009F34E9 /* Input.swift */,
				676AC02F2A2711F5009F34E9 /* Output.swift */,
				6769D8962A29FCC400F49219 /* PrefecturePositions.swift */,
				672DB2052A2893B90041BD60 /* PrefectureImageInfo.swift */,
				6769D89C2A2A2CFB00F49219 /* PinLocation.swift */,
				672DB2032A2893610041BD60 /* LoadJson.swift */,
				676AC0322A27135D009F34E9 /* fetchLuckyPrefecture.swift */,
				676AC0282A2710FA009F34E9 /* FortuneAPI.swift */,
			);
			path = Models;
			sourceTree = "<group>";
		};
		676EA9112A288BBD005C455B /* Resources */ = {
			isa = PBXGroup;
			children = (
				672DB2232A290CCC0041BD60 /* photo.png */,
				672DB21F2A2909C10041BD60 /* japan.png */,
				676ABFFD2A270E95009F34E9 /* Assets.xcassets */,
				672DB2212A290B2D0041BD60 /* 2270.jpg */,
				6769D8942A29F24B00F49219 /* prefLatiLong.json */,
				676EA90F2A288B79005C455B /* find47images.json */,
			);
			path = Resources;
			sourceTree = "<group>";
		};
/* End PBXGroup section */

/* Begin PBXNativeTarget section */
		676ABFF52A270E94009F34E9 /* Yumemi_iOS_junior_engineer_codecheck */ = {
			isa = PBXNativeTarget;
			buildConfigurationList = 676AC01F2A270E95009F34E9 /* Build configuration list for PBXNativeTarget "Yumemi_iOS_junior_engineer_codecheck" */;
			buildPhases = (
				676ABFF22A270E94009F34E9 /* Sources */,
				676ABFF32A270E94009F34E9 /* Frameworks */,
				676ABFF42A270E94009F34E9 /* Resources */,
			);
			buildRules = (
			);
			dependencies = (
				671A352C2A276A3800F6358D /* PBXTargetDependency */,
			);
			name = Yumemi_iOS_junior_engineer_codecheck;
			packageProductDependencies = (
				676AC02B2A271115009F34E9 /* Alamofire */,
				676EA8C32A285572005C455B /* VTabView */,
			);
			productName = Yumemi_iOS_junior_engineer_codecheck;
			productReference = 676ABFF62A270E94009F34E9 /* Yumemi_iOS_junior_engineer_codecheck.app */;
			productType = "com.apple.product-type.application";
		};
		676AC00A2A270E95009F34E9 /* Yumemi_iOS_junior_engineer_codecheckTests */ = {
			isa = PBXNativeTarget;
			buildConfigurationList = 676AC0222A270E95009F34E9 /* Build configuration list for PBXNativeTarget "Yumemi_iOS_junior_engineer_codecheckTests" */;
			buildPhases = (
				676AC0072A270E95009F34E9 /* Sources */,
				676AC0082A270E95009F34E9 /* Frameworks */,
				676AC0092A270E95009F34E9 /* Resources */,
			);
			buildRules = (
			);
			dependencies = (
				676AC00D2A270E95009F34E9 /* PBXTargetDependency */,
			);
			name = Yumemi_iOS_junior_engineer_codecheckTests;
			productName = Yumemi_iOS_junior_engineer_codecheckTests;
			productReference = 676AC00B2A270E95009F34E9 /* Yumemi_iOS_junior_engineer_codecheckTests.xctest */;
			productType = "com.apple.product-type.bundle.unit-test";
		};
		676AC0142A270E95009F34E9 /* Yumemi_iOS_junior_engineer_codecheckUITests */ = {
			isa = PBXNativeTarget;
			buildConfigurationList = 676AC0252A270E95009F34E9 /* Build configuration list for PBXNativeTarget "Yumemi_iOS_junior_engineer_codecheckUITests" */;
			buildPhases = (
				676AC0112A270E95009F34E9 /* Sources */,
				676AC0122A270E95009F34E9 /* Frameworks */,
				676AC0132A270E95009F34E9 /* Resources */,
			);
			buildRules = (
			);
			dependencies = (
				676AC0172A270E95009F34E9 /* PBXTargetDependency */,
			);
			name = Yumemi_iOS_junior_engineer_codecheckUITests;
			productName = Yumemi_iOS_junior_engineer_codecheckUITests;
			productReference = 676AC0152A270E95009F34E9 /* Yumemi_iOS_junior_engineer_codecheckUITests.xctest */;
			productType = "com.apple.product-type.bundle.ui-testing";
		};
/* End PBXNativeTarget section */

/* Begin PBXProject section */
		676ABFEE2A270E94009F34E9 /* Project object */ = {
			isa = PBXProject;
			attributes = {
				BuildIndependentTargetsInParallel = 1;
				LastSwiftUpdateCheck = 1430;
				LastUpgradeCheck = 1430;
				TargetAttributes = {
					676ABFF52A270E94009F34E9 = {
						CreatedOnToolsVersion = 14.3;
					};
					676AC00A2A270E95009F34E9 = {
						CreatedOnToolsVersion = 14.3;
						TestTargetID = 676ABFF52A270E94009F34E9;
					};
					676AC0142A270E95009F34E9 = {
						CreatedOnToolsVersion = 14.3;
						TestTargetID = 676ABFF52A270E94009F34E9;
					};
				};
			};
			buildConfigurationList = 676ABFF12A270E94009F34E9 /* Build configuration list for PBXProject "Yumemi_iOS_junior_engineer_codecheck" */;
			compatibilityVersion = "Xcode 14.0";
			developmentRegion = en;
			hasScannedForEncodings = 0;
			knownRegions = (
				en,
				Base,
			);
			mainGroup = 676ABFED2A270E94009F34E9;
			packageReferences = (
				676AC02A2A271115009F34E9 /* XCRemoteSwiftPackageReference "Alamofire" */,
				676EA8C22A285572005C455B /* XCRemoteSwiftPackageReference "swiftui-vertical-tab-view" */,
			);
			productRefGroup = 676ABFF72A270E94009F34E9 /* Products */;
			projectDirPath = "";
			projectRoot = "";
			targets = (
				676ABFF52A270E94009F34E9 /* Yumemi_iOS_junior_engineer_codecheck */,
				676AC00A2A270E95009F34E9 /* Yumemi_iOS_junior_engineer_codecheckTests */,
				676AC0142A270E95009F34E9 /* Yumemi_iOS_junior_engineer_codecheckUITests */,
			);
		};
/* End PBXProject section */

/* Begin PBXResourcesBuildPhase section */
		676ABFF42A270E94009F34E9 /* Resources */ = {
			isa = PBXResourcesBuildPhase;
			buildActionMask = 2147483647;
			files = (
				676AC0012A270E95009F34E9 /* Preview Assets.xcassets in Resources */,
				6769D8952A29F24B00F49219 /* prefLatiLong.json in Resources */,
				676EA9102A288B79005C455B /* find47images.json in Resources */,
				672DB2242A290CCC0041BD60 /* photo.png in Resources */,
				672DB2222A290B2D0041BD60 /* 2270.jpg in Resources */,
				676ABFFE2A270E95009F34E9 /* Assets.xcassets in Resources */,
				672DB2202A2909C10041BD60 /* japan.png in Resources */,
			);
			runOnlyForDeploymentPostprocessing = 0;
		};
		676AC0092A270E95009F34E9 /* Resources */ = {
			isa = PBXResourcesBuildPhase;
			buildActionMask = 2147483647;
			files = (
			);
			runOnlyForDeploymentPostprocessing = 0;
		};
		676AC0132A270E95009F34E9 /* Resources */ = {
			isa = PBXResourcesBuildPhase;
			buildActionMask = 2147483647;
			files = (
			);
			runOnlyForDeploymentPostprocessing = 0;
		};
/* End PBXResourcesBuildPhase section */

/* Begin PBXSourcesBuildPhase section */
		676ABFF22A270E94009F34E9 /* Sources */ = {
			isa = PBXSourcesBuildPhase;
			buildActionMask = 2147483647;
			files = (
				6769D89D2A2A2CFB00F49219 /* PinLocation.swift in Sources */,
				672DB2102A28D9570041BD60 /* ImagePageView.swift in Sources */,
				672DB20B2A28CE5A0041BD60 /* InputForm.swift in Sources */,
				676AC02E2A27113B009F34E9 /* Input.swift in Sources */,
				672DB2172A28E8710041BD60 /* OutputView.swift in Sources */,
				676AC0032A270E95009F34E9 /* Persistence.swift in Sources */,
				672DB2092A28B86E0041BD60 /* BriefCardView.swift in Sources */,
				676ABFFC2A270E94009F34E9 /* ContentView.swift in Sources */,
				672DB2042A2893610041BD60 /* LoadJson.swift in Sources */,
				676AC0302A2711F5009F34E9 /* Output.swift in Sources */,
				672DB2062A2893B90041BD60 /* PrefectureImageInfo.swift in Sources */,
				676ABFFA2A270E94009F34E9 /* Yumemi_iOS_junior_engineer_codecheckApp.swift in Sources */,
				676EA90A2A2876E1005C455B /* InputView.swift in Sources */,
				672DB21C2A28EE150041BD60 /* MaximumVerticalPageView.swift in Sources */,
				672DB2122A28DD330041BD60 /* DetailView.swift in Sources */,
				671A35252A27462900F6358D /* PrefectureView.swift in Sources */,
				676AC0332A27135D009F34E9 /* fetchLuckyPrefecture.swift in Sources */,
				6769D89B2A2A2ADA00F49219 /* PreviewData.swift in Sources */,
				672DB21A2A28EC0D0041BD60 /* Error.swift in Sources */,
				676EA8CC2A285853005C455B /* HistoryView.swift in Sources */,
				676EA8CA2A28584E005C455B /* MapView.swift in Sources */,
				6769D8932A29E90100F49219 /* GlowBorder.swift in Sources */,
				676EA8CE2A285ACD005C455B /* BackgroundView.swift in Sources */,
				672EE5B92A2A798A007EA3F3 /* ProtocolOrientedTest.swift in Sources */,
				6769D8972A29FCC400F49219 /* PrefecturePositions.swift in Sources */,
				676AC0292A2710FA009F34E9 /* FortuneAPI.swift in Sources */,
				6769D8992A2A0C0B00F49219 /* KeyboardAlike.swift in Sources */,
				676AC0062A270E95009F34E9 /* Yumemi_iOS_junior_engineer_codecheck.xcdatamodeld in Sources */,
				671A352E2A276A5700F6358D /* LicenseView.swift in Sources */,
				671A35272A2759FD00F6358D /* ErrorView.swift in Sources */,
			);
			runOnlyForDeploymentPostprocessing = 0;
		};
		676AC0072A270E95009F34E9 /* Sources */ = {
			isa = PBXSourcesBuildPhase;
			buildActionMask = 2147483647;
			files = (
				676AC0102A270E95009F34E9 /* Yumemi_iOS_junior_engineer_codecheckTests.swift in Sources */,
			);
			runOnlyForDeploymentPostprocessing = 0;
		};
		676AC0112A270E95009F34E9 /* Sources */ = {
			isa = PBXSourcesBuildPhase;
			buildActionMask = 2147483647;
			files = (
				676AC01C2A270E95009F34E9 /* Yumemi_iOS_junior_engineer_codecheckUITestsLaunchTests.swift in Sources */,
				676AC01A2A270E95009F34E9 /* Yumemi_iOS_junior_engineer_codecheckUITests.swift in Sources */,
			);
			runOnlyForDeploymentPostprocessing = 0;
		};
/* End PBXSourcesBuildPhase section */

/* Begin PBXTargetDependency section */
		671A352C2A276A3800F6358D /* PBXTargetDependency */ = {
			isa = PBXTargetDependency;
			productRef = 671A352B2A276A3800F6358D /* PrepareLicenseList */;
		};
		676AC00D2A270E95009F34E9 /* PBXTargetDependency */ = {
			isa = PBXTargetDependency;
			target = 676ABFF52A270E94009F34E9 /* Yumemi_iOS_junior_engineer_codecheck */;
			targetProxy = 676AC00C2A270E95009F34E9 /* PBXContainerItemProxy */;
		};
		676AC0172A270E95009F34E9 /* PBXTargetDependency */ = {
			isa = PBXTargetDependency;
			target = 676ABFF52A270E94009F34E9 /* Yumemi_iOS_junior_engineer_codecheck */;
			targetProxy = 676AC0162A270E95009F34E9 /* PBXContainerItemProxy */;
		};
/* End PBXTargetDependency section */

/* Begin XCBuildConfiguration section */
		676AC01D2A270E95009F34E9 /* Debug */ = {
			isa = XCBuildConfiguration;
			buildSettings = {
				ALWAYS_SEARCH_USER_PATHS = NO;
				CLANG_ANALYZER_NONNULL = YES;
				CLANG_ANALYZER_NUMBER_OBJECT_CONVERSION = YES_AGGRESSIVE;
				CLANG_CXX_LANGUAGE_STANDARD = "gnu++20";
				CLANG_ENABLE_MODULES = YES;
				CLANG_ENABLE_OBJC_ARC = YES;
				CLANG_ENABLE_OBJC_WEAK = YES;
				CLANG_WARN_BLOCK_CAPTURE_AUTORELEASING = YES;
				CLANG_WARN_BOOL_CONVERSION = YES;
				CLANG_WARN_COMMA = YES;
				CLANG_WARN_CONSTANT_CONVERSION = YES;
				CLANG_WARN_DEPRECATED_OBJC_IMPLEMENTATIONS = YES;
				CLANG_WARN_DIRECT_OBJC_ISA_USAGE = YES_ERROR;
				CLANG_WARN_DOCUMENTATION_COMMENTS = YES;
				CLANG_WARN_EMPTY_BODY = YES;
				CLANG_WARN_ENUM_CONVERSION = YES;
				CLANG_WARN_INFINITE_RECURSION = YES;
				CLANG_WARN_INT_CONVERSION = YES;
				CLANG_WARN_NON_LITERAL_NULL_CONVERSION = YES;
				CLANG_WARN_OBJC_IMPLICIT_RETAIN_SELF = YES;
				CLANG_WARN_OBJC_LITERAL_CONVERSION = YES;
				CLANG_WARN_OBJC_ROOT_CLASS = YES_ERROR;
				CLANG_WARN_QUOTED_INCLUDE_IN_FRAMEWORK_HEADER = YES;
				CLANG_WARN_RANGE_LOOP_ANALYSIS = YES;
				CLANG_WARN_STRICT_PROTOTYPES = YES;
				CLANG_WARN_SUSPICIOUS_MOVE = YES;
				CLANG_WARN_UNGUARDED_AVAILABILITY = YES_AGGRESSIVE;
				CLANG_WARN_UNREACHABLE_CODE = YES;
				CLANG_WARN__DUPLICATE_METHOD_MATCH = YES;
				COPY_PHASE_STRIP = NO;
				DEBUG_INFORMATION_FORMAT = dwarf;
				ENABLE_STRICT_OBJC_MSGSEND = YES;
				ENABLE_TESTABILITY = YES;
				GCC_C_LANGUAGE_STANDARD = gnu11;
				GCC_DYNAMIC_NO_PIC = NO;
				GCC_NO_COMMON_BLOCKS = YES;
				GCC_OPTIMIZATION_LEVEL = 0;
				GCC_PREPROCESSOR_DEFINITIONS = (
					"DEBUG=1",
					"$(inherited)",
				);
				GCC_WARN_64_TO_32_BIT_CONVERSION = YES;
				GCC_WARN_ABOUT_RETURN_TYPE = YES_ERROR;
				GCC_WARN_UNDECLARED_SELECTOR = YES;
				GCC_WARN_UNINITIALIZED_AUTOS = YES_AGGRESSIVE;
				GCC_WARN_UNUSED_FUNCTION = YES;
				GCC_WARN_UNUSED_VARIABLE = YES;
				IPHONEOS_DEPLOYMENT_TARGET = 16.4;
				MTL_ENABLE_DEBUG_INFO = INCLUDE_SOURCE;
				MTL_FAST_MATH = YES;
				ONLY_ACTIVE_ARCH = YES;
				SDKROOT = iphoneos;
				SWIFT_ACTIVE_COMPILATION_CONDITIONS = DEBUG;
				SWIFT_OPTIMIZATION_LEVEL = "-Onone";
			};
			name = Debug;
		};
		676AC01E2A270E95009F34E9 /* Release */ = {
			isa = XCBuildConfiguration;
			buildSettings = {
				ALWAYS_SEARCH_USER_PATHS = NO;
				CLANG_ANALYZER_NONNULL = YES;
				CLANG_ANALYZER_NUMBER_OBJECT_CONVERSION = YES_AGGRESSIVE;
				CLANG_CXX_LANGUAGE_STANDARD = "gnu++20";
				CLANG_ENABLE_MODULES = YES;
				CLANG_ENABLE_OBJC_ARC = YES;
				CLANG_ENABLE_OBJC_WEAK = YES;
				CLANG_WARN_BLOCK_CAPTURE_AUTORELEASING = YES;
				CLANG_WARN_BOOL_CONVERSION = YES;
				CLANG_WARN_COMMA = YES;
				CLANG_WARN_CONSTANT_CONVERSION = YES;
				CLANG_WARN_DEPRECATED_OBJC_IMPLEMENTATIONS = YES;
				CLANG_WARN_DIRECT_OBJC_ISA_USAGE = YES_ERROR;
				CLANG_WARN_DOCUMENTATION_COMMENTS = YES;
				CLANG_WARN_EMPTY_BODY = YES;
				CLANG_WARN_ENUM_CONVERSION = YES;
				CLANG_WARN_INFINITE_RECURSION = YES;
				CLANG_WARN_INT_CONVERSION = YES;
				CLANG_WARN_NON_LITERAL_NULL_CONVERSION = YES;
				CLANG_WARN_OBJC_IMPLICIT_RETAIN_SELF = YES;
				CLANG_WARN_OBJC_LITERAL_CONVERSION = YES;
				CLANG_WARN_OBJC_ROOT_CLASS = YES_ERROR;
				CLANG_WARN_QUOTED_INCLUDE_IN_FRAMEWORK_HEADER = YES;
				CLANG_WARN_RANGE_LOOP_ANALYSIS = YES;
				CLANG_WARN_STRICT_PROTOTYPES = YES;
				CLANG_WARN_SUSPICIOUS_MOVE = YES;
				CLANG_WARN_UNGUARDED_AVAILABILITY = YES_AGGRESSIVE;
				CLANG_WARN_UNREACHABLE_CODE = YES;
				CLANG_WARN__DUPLICATE_METHOD_MATCH = YES;
				COPY_PHASE_STRIP = NO;
				DEBUG_INFORMATION_FORMAT = "dwarf-with-dsym";
				ENABLE_NS_ASSERTIONS = NO;
				ENABLE_STRICT_OBJC_MSGSEND = YES;
				GCC_C_LANGUAGE_STANDARD = gnu11;
				GCC_NO_COMMON_BLOCKS = YES;
				GCC_WARN_64_TO_32_BIT_CONVERSION = YES;
				GCC_WARN_ABOUT_RETURN_TYPE = YES_ERROR;
				GCC_WARN_UNDECLARED_SELECTOR = YES;
				GCC_WARN_UNINITIALIZED_AUTOS = YES_AGGRESSIVE;
				GCC_WARN_UNUSED_FUNCTION = YES;
				GCC_WARN_UNUSED_VARIABLE = YES;
				IPHONEOS_DEPLOYMENT_TARGET = 16.4;
				MTL_ENABLE_DEBUG_INFO = NO;
				MTL_FAST_MATH = YES;
				SDKROOT = iphoneos;
				SWIFT_COMPILATION_MODE = wholemodule;
				SWIFT_OPTIMIZATION_LEVEL = "-O";
				VALIDATE_PRODUCT = YES;
			};
			name = Release;
		};
		676AC0202A270E95009F34E9 /* Debug */ = {
			isa = XCBuildConfiguration;
			buildSettings = {
				ASSETCATALOG_COMPILER_APPICON_NAME = AppIcon;
				ASSETCATALOG_COMPILER_GLOBAL_ACCENT_COLOR_NAME = AccentColor;
				CODE_SIGN_STYLE = Automatic;
				CURRENT_PROJECT_VERSION = 1;
				DEVELOPMENT_ASSET_PATHS = "\"Yumemi_iOS_junior_engineer_codecheck/Preview Content\"";
				DEVELOPMENT_TEAM = FB449VFZQJ;
				ENABLE_PREVIEWS = YES;
				GENERATE_INFOPLIST_FILE = YES;
				INFOPLIST_KEY_UIApplicationSceneManifest_Generation = YES;
				INFOPLIST_KEY_UIApplicationSupportsIndirectInputEvents = YES;
				INFOPLIST_KEY_UILaunchScreen_Generation = YES;
				INFOPLIST_KEY_UISupportedInterfaceOrientations = UIInterfaceOrientationPortrait;
				LD_RUNPATH_SEARCH_PATHS = (
					"$(inherited)",
					"@executable_path/Frameworks",
				);
				MARKETING_VERSION = 1.0;
				PRODUCT_BUNDLE_IDENTIFIER = "com.kotaroMatsumoto2000.Yumemi-iOS-junior-engineer-codecheck";
				PRODUCT_NAME = "$(TARGET_NAME)";
				SUPPORTED_PLATFORMS = "iphoneos iphonesimulator";
				SUPPORTS_MACCATALYST = NO;
				SUPPORTS_MAC_DESIGNED_FOR_IPHONE_IPAD = NO;
				SWIFT_EMIT_LOC_STRINGS = YES;
				SWIFT_VERSION = 5.0;
				TARGETED_DEVICE_FAMILY = 1;
			};
			name = Debug;
		};
		676AC0212A270E95009F34E9 /* Release */ = {
			isa = XCBuildConfiguration;
			buildSettings = {
				ASSETCATALOG_COMPILER_APPICON_NAME = AppIcon;
				ASSETCATALOG_COMPILER_GLOBAL_ACCENT_COLOR_NAME = AccentColor;
				CODE_SIGN_STYLE = Automatic;
				CURRENT_PROJECT_VERSION = 1;
				DEVELOPMENT_ASSET_PATHS = "\"Yumemi_iOS_junior_engineer_codecheck/Preview Content\"";
				DEVELOPMENT_TEAM = FB449VFZQJ;
				ENABLE_PREVIEWS = YES;
				GENERATE_INFOPLIST_FILE = YES;
				INFOPLIST_KEY_UIApplicationSceneManifest_Generation = YES;
				INFOPLIST_KEY_UIApplicationSupportsIndirectInputEvents = YES;
				INFOPLIST_KEY_UILaunchScreen_Generation = YES;
				INFOPLIST_KEY_UISupportedInterfaceOrientations = UIInterfaceOrientationPortrait;
				LD_RUNPATH_SEARCH_PATHS = (
					"$(inherited)",
					"@executable_path/Frameworks",
				);
				MARKETING_VERSION = 1.0;
				PRODUCT_BUNDLE_IDENTIFIER = "com.kotaroMatsumoto2000.Yumemi-iOS-junior-engineer-codecheck";
				PRODUCT_NAME = "$(TARGET_NAME)";
				SUPPORTED_PLATFORMS = "iphoneos iphonesimulator";
				SUPPORTS_MACCATALYST = NO;
				SUPPORTS_MAC_DESIGNED_FOR_IPHONE_IPAD = NO;
				SWIFT_EMIT_LOC_STRINGS = YES;
				SWIFT_VERSION = 5.0;
				TARGETED_DEVICE_FAMILY = 1;
			};
			name = Release;
		};
		676AC0232A270E95009F34E9 /* Debug */ = {
			isa = XCBuildConfiguration;
			buildSettings = {
				ALWAYS_EMBED_SWIFT_STANDARD_LIBRARIES = YES;
				BUNDLE_LOADER = "$(TEST_HOST)";
				CODE_SIGN_STYLE = Automatic;
				CURRENT_PROJECT_VERSION = 1;
				DEVELOPMENT_TEAM = FB449VFZQJ;
				GENERATE_INFOPLIST_FILE = YES;
				IPHONEOS_DEPLOYMENT_TARGET = 16.4;
				MARKETING_VERSION = 1.0;
				PRODUCT_BUNDLE_IDENTIFIER = "com.kotaroMatsumoto2000.Yumemi-iOS-junior-engineer-codecheckTests";
				PRODUCT_NAME = "$(TARGET_NAME)";
				SWIFT_EMIT_LOC_STRINGS = NO;
				SWIFT_VERSION = 5.0;
				TARGETED_DEVICE_FAMILY = "1,2";
				TEST_HOST = "$(BUILT_PRODUCTS_DIR)/Yumemi_iOS_junior_engineer_codecheck.app/$(BUNDLE_EXECUTABLE_FOLDER_PATH)/Yumemi_iOS_junior_engineer_codecheck";
			};
			name = Debug;
		};
		676AC0242A270E95009F34E9 /* Release */ = {
			isa = XCBuildConfiguration;
			buildSettings = {
				ALWAYS_EMBED_SWIFT_STANDARD_LIBRARIES = YES;
				BUNDLE_LOADER = "$(TEST_HOST)";
				CODE_SIGN_STYLE = Automatic;
				CURRENT_PROJECT_VERSION = 1;
				DEVELOPMENT_TEAM = FB449VFZQJ;
				GENERATE_INFOPLIST_FILE = YES;
				IPHONEOS_DEPLOYMENT_TARGET = 16.4;
				MARKETING_VERSION = 1.0;
				PRODUCT_BUNDLE_IDENTIFIER = "com.kotaroMatsumoto2000.Yumemi-iOS-junior-engineer-codecheckTests";
				PRODUCT_NAME = "$(TARGET_NAME)";
				SWIFT_EMIT_LOC_STRINGS = NO;
				SWIFT_VERSION = 5.0;
				TARGETED_DEVICE_FAMILY = "1,2";
				TEST_HOST = "$(BUILT_PRODUCTS_DIR)/Yumemi_iOS_junior_engineer_codecheck.app/$(BUNDLE_EXECUTABLE_FOLDER_PATH)/Yumemi_iOS_junior_engineer_codecheck";
			};
			name = Release;
		};
		676AC0262A270E95009F34E9 /* Debug */ = {
			isa = XCBuildConfiguration;
			buildSettings = {
				ALWAYS_EMBED_SWIFT_STANDARD_LIBRARIES = YES;
				CODE_SIGN_STYLE = Automatic;
				CURRENT_PROJECT_VERSION = 1;
				DEVELOPMENT_TEAM = FB449VFZQJ;
				GENERATE_INFOPLIST_FILE = YES;
				MARKETING_VERSION = 1.0;
				PRODUCT_BUNDLE_IDENTIFIER = "com.kotaroMatsumoto2000.Yumemi-iOS-junior-engineer-codecheckUITests";
				PRODUCT_NAME = "$(TARGET_NAME)";
				SWIFT_EMIT_LOC_STRINGS = NO;
				SWIFT_VERSION = 5.0;
				TARGETED_DEVICE_FAMILY = "1,2";
				TEST_TARGET_NAME = Yumemi_iOS_junior_engineer_codecheck;
			};
			name = Debug;
		};
		676AC0272A270E95009F34E9 /* Release */ = {
			isa = XCBuildConfiguration;
			buildSettings = {
				ALWAYS_EMBED_SWIFT_STANDARD_LIBRARIES = YES;
				CODE_SIGN_STYLE = Automatic;
				CURRENT_PROJECT_VERSION = 1;
				DEVELOPMENT_TEAM = FB449VFZQJ;
				GENERATE_INFOPLIST_FILE = YES;
				MARKETING_VERSION = 1.0;
				PRODUCT_BUNDLE_IDENTIFIER = "com.kotaroMatsumoto2000.Yumemi-iOS-junior-engineer-codecheckUITests";
				PRODUCT_NAME = "$(TARGET_NAME)";
				SWIFT_EMIT_LOC_STRINGS = NO;
				SWIFT_VERSION = 5.0;
				TARGETED_DEVICE_FAMILY = "1,2";
				TEST_TARGET_NAME = Yumemi_iOS_junior_engineer_codecheck;
			};
			name = Release;
		};
/* End XCBuildConfiguration section */

/* Begin XCConfigurationList section */
		676ABFF12A270E94009F34E9 /* Build configuration list for PBXProject "Yumemi_iOS_junior_engineer_codecheck" */ = {
			isa = XCConfigurationList;
			buildConfigurations = (
				676AC01D2A270E95009F34E9 /* Debug */,
				676AC01E2A270E95009F34E9 /* Release */,
			);
			defaultConfigurationIsVisible = 0;
			defaultConfigurationName = Release;
		};
		676AC01F2A270E95009F34E9 /* Build configuration list for PBXNativeTarget "Yumemi_iOS_junior_engineer_codecheck" */ = {
			isa = XCConfigurationList;
			buildConfigurations = (
				676AC0202A270E95009F34E9 /* Debug */,
				676AC0212A270E95009F34E9 /* Release */,
			);
			defaultConfigurationIsVisible = 0;
			defaultConfigurationName = Release;
		};
		676AC0222A270E95009F34E9 /* Build configuration list for PBXNativeTarget "Yumemi_iOS_junior_engineer_codecheckTests" */ = {
			isa = XCConfigurationList;
			buildConfigurations = (
				676AC0232A270E95009F34E9 /* Debug */,
				676AC0242A270E95009F34E9 /* Release */,
			);
			defaultConfigurationIsVisible = 0;
			defaultConfigurationName = Release;
		};
		676AC0252A270E95009F34E9 /* Build configuration list for PBXNativeTarget "Yumemi_iOS_junior_engineer_codecheckUITests" */ = {
			isa = XCConfigurationList;
			buildConfigurations = (
				676AC0262A270E95009F34E9 /* Debug */,
				676AC0272A270E95009F34E9 /* Release */,
			);
			defaultConfigurationIsVisible = 0;
			defaultConfigurationName = Release;
		};
/* End XCConfigurationList section */

/* Begin XCRemoteSwiftPackageReference section */
		671A35282A276A1600F6358D /* XCRemoteSwiftPackageReference "LicenseList" */ = {
			isa = XCRemoteSwiftPackageReference;
			repositoryURL = "https://github.com/cybozu/LicenseList";
			requirement = {
				kind = upToNextMajorVersion;
				minimumVersion = 0.2.1;
			};
		};
		676AC02A2A271115009F34E9 /* XCRemoteSwiftPackageReference "Alamofire" */ = {
			isa = XCRemoteSwiftPackageReference;
			repositoryURL = "https://github.com/Alamofire/Alamofire.git";
			requirement = {
				kind = upToNextMajorVersion;
				minimumVersion = 5.0.0;
			};
		};
		676EA8C22A285572005C455B /* XCRemoteSwiftPackageReference "swiftui-vertical-tab-view" */ = {
			isa = XCRemoteSwiftPackageReference;
			repositoryURL = "https://github.com/lorenzofiamingo/swiftui-vertical-tab-view.git";
			requirement = {
				kind = upToNextMajorVersion;
				minimumVersion = 2.0.0;
			};
		};
/* End XCRemoteSwiftPackageReference section */

/* Begin XCSwiftPackageProductDependency section */
		671A352B2A276A3800F6358D /* PrepareLicenseList */ = {
			isa = XCSwiftPackageProductDependency;
			package = 671A35282A276A1600F6358D /* XCRemoteSwiftPackageReference "LicenseList" */;
			productName = "plugin:PrepareLicenseList";
		};
		676AC02B2A271115009F34E9 /* Alamofire */ = {
			isa = XCSwiftPackageProductDependency;
			package = 676AC02A2A271115009F34E9 /* XCRemoteSwiftPackageReference "Alamofire" */;
			productName = Alamofire;
		};
		676EA8C32A285572005C455B /* VTabView */ = {
			isa = XCSwiftPackageProductDependency;
			package = 676EA8C22A285572005C455B /* XCRemoteSwiftPackageReference "swiftui-vertical-tab-view" */;
			productName = VTabView;
		};
/* End XCSwiftPackageProductDependency section */

/* Begin XCVersionGroup section */
		676AC0042A270E95009F34E9 /* Yumemi_iOS_junior_engineer_codecheck.xcdatamodeld */ = {
			isa = XCVersionGroup;
			children = (
				676AC0052A270E95009F34E9 /* Yumemi_iOS_junior_engineer_codecheck.xcdatamodel */,
			);
			currentVersion = 676AC0052A270E95009F34E9 /* Yumemi_iOS_junior_engineer_codecheck.xcdatamodel */;
			path = Yumemi_iOS_junior_engineer_codecheck.xcdatamodeld;
			sourceTree = "<group>";
			versionGroupType = wrapper.xcdatamodel;
		};
/* End XCVersionGroup section */
	};
	rootObject = 676ABFEE2A270E94009F34E9 /* Project object */;
}
